// !$*UTF8*$!
{
	archiveVersion = 1;
	classes = {
	};
	objectVersion = 46;
	objects = {

/* Begin PBXBuildFile section */
		1533C91D1EC20DD100BE8AA3 /* AppDelegate.swift in Sources */ = {isa = PBXBuildFile; fileRef = 1533C91C1EC20DD100BE8AA3 /* AppDelegate.swift */; };
		1533C91F1EC20DD100BE8AA3 /* ViewController.swift in Sources */ = {isa = PBXBuildFile; fileRef = 1533C91E1EC20DD100BE8AA3 /* ViewController.swift */; };
		1533C9221EC20DD100BE8AA3 /* Main.storyboard in Resources */ = {isa = PBXBuildFile; fileRef = 1533C9201EC20DD100BE8AA3 /* Main.storyboard */; };
		1533C9241EC20DD100BE8AA3 /* Assets.xcassets in Resources */ = {isa = PBXBuildFile; fileRef = 1533C9231EC20DD100BE8AA3 /* Assets.xcassets */; };
		1533C9271EC20DD100BE8AA3 /* LaunchScreen.storyboard in Resources */ = {isa = PBXBuildFile; fileRef = 1533C9251EC20DD100BE8AA3 /* LaunchScreen.storyboard */; };
		1533C9321EC20DD200BE8AA3 /* homework1Tests.swift in Sources */ = {isa = PBXBuildFile; fileRef = 1533C9311EC20DD200BE8AA3 /* homework1Tests.swift */; };
		1533C93D1EC20DD200BE8AA3 /* homework1UITests.swift in Sources */ = {isa = PBXBuildFile; fileRef = 1533C93C1EC20DD200BE8AA3 /* homework1UITests.swift */; };
/* End PBXBuildFile section */

/* Begin PBXContainerItemProxy section */
		1533C92E1EC20DD200BE8AA3 /* PBXContainerItemProxy */ = {
			isa = PBXContainerItemProxy;
			containerPortal = 1533C9111EC20DD100BE8AA3 /* Project object */;
			proxyType = 1;
			remoteGlobalIDString = 1533C9181EC20DD100BE8AA3;
			remoteInfo = homework1;
		};
		1533C9391EC20DD200BE8AA3 /* PBXContainerItemProxy */ = {
			isa = PBXContainerItemProxy;
			containerPortal = 1533C9111EC20DD100BE8AA3 /* Project object */;
			proxyType = 1;
			remoteGlobalIDString = 1533C9181EC20DD100BE8AA3;
			remoteInfo = homework1;
		};
/* End PBXContainerItemProxy section */

/* Begin PBXFileReference section */
		1533C9191EC20DD100BE8AA3 /* homework1.app */ = {isa = PBXFileReference; explicitFileType = wrapper.application; includeInIndex = 0; path = homework1.app; sourceTree = BUILT_PRODUCTS_DIR; };
		1533C91C1EC20DD100BE8AA3 /* AppDelegate.swift */ = {isa = PBXFileReference; lastKnownFileType = sourcecode.swift; path = AppDelegate.swift; sourceTree = "<group>"; };
		1533C91E1EC20DD100BE8AA3 /* ViewController.swift */ = {isa = PBXFileReference; lastKnownFileType = sourcecode.swift; path = ViewController.swift; sourceTree = "<group>"; };
		1533C9211EC20DD100BE8AA3 /* Base */ = {isa = PBXFileReference; lastKnownFileType = file.storyboard; name = Base; path = Base.lproj/Main.storyboard; sourceTree = "<group>"; };
		1533C9231EC20DD100BE8AA3 /* Assets.xcassets */ = {isa = PBXFileReference; lastKnownFileType = folder.assetcatalog; path = Assets.xcassets; sourceTree = "<group>"; };
		1533C9261EC20DD100BE8AA3 /* Base */ = {isa = PBXFileReference; lastKnownFileType = file.storyboard; name = Base; path = Base.lproj/LaunchScreen.storyboard; sourceTree = "<group>"; };
		1533C9281EC20DD100BE8AA3 /* Info.plist */ = {isa = PBXFileReference; lastKnownFileType = text.plist.xml; path = Info.plist; sourceTree = "<group>"; };
		1533C92D1EC20DD200BE8AA3 /* homework1Tests.xctest */ = {isa = PBXFileReference; explicitFileType = wrapper.cfbundle; includeInIndex = 0; path = homework1Tests.xctest; sourceTree = BUILT_PRODUCTS_DIR; };
		1533C9311EC20DD200BE8AA3 /* homework1Tests.swift */ = {isa = PBXFileReference; lastKnownFileType = sourcecode.swift; path = homework1Tests.swift; sourceTree = "<group>"; };
		1533C9331EC20DD200BE8AA3 /* Info.plist */ = {isa = PBXFileReference; lastKnownFileType = text.plist.xml; path = Info.plist; sourceTree = "<group>"; };
		1533C9381EC20DD200BE8AA3 /* homework1UITests.xctest */ = {isa = PBXFileReference; explicitFileType = wrapper.cfbundle; includeInIndex = 0; path = homework1UITests.xctest; sourceTree = BUILT_PRODUCTS_DIR; };
		1533C93C1EC20DD200BE8AA3 /* homework1UITests.swift */ = {isa = PBXFileReference; lastKnownFileType = sourcecode.swift; path = homework1UITests.swift; sourceTree = "<group>"; };
		1533C93E1EC20DD200BE8AA3 /* Info.plist */ = {isa = PBXFileReference; lastKnownFileType = text.plist.xml; path = Info.plist; sourceTree = "<group>"; };
/* End PBXFileReference section */

/* Begin PBXFrameworksBuildPhase section */
		1533C9161EC20DD100BE8AA3 /* Frameworks */ = {
			isa = PBXFrameworksBuildPhase;
			buildActionMask = 2147483647;
			files = (
			);
			runOnlyForDeploymentPostprocessing = 0;
		};
		1533C92A1EC20DD200BE8AA3 /* Frameworks */ = {
			isa = PBXFrameworksBuildPhase;
			buildActionMask = 2147483647;
			files = (
			);
			runOnlyForDeploymentPostprocessing = 0;
		};
		1533C9351EC20DD200BE8AA3 /* Frameworks */ = {
			isa = PBXFrameworksBuildPhase;
			buildActionMask = 2147483647;
			files = (
			);
			runOnlyForDeploymentPostprocessing = 0;
		};
/* End PBXFrameworksBuildPhase section */

/* Begin PBXGroup section */
		1533C9101EC20DD100BE8AA3 = {
			isa = PBXGroup;
			children = (
				1533C91B1EC20DD100BE8AA3 /* homework1 */,
				1533C9301EC20DD200BE8AA3 /* homework1Tests */,
				1533C93B1EC20DD200BE8AA3 /* homework1UITests */,
				1533C91A1EC20DD100BE8AA3 /* Products */,
			);
			sourceTree = "<group>";
		};
		1533C91A1EC20DD100BE8AA3 /* Products */ = {
			isa = PBXGroup;
			children = (
				1533C9191EC20DD100BE8AA3 /* homework1.app */,
				1533C92D1EC20DD200BE8AA3 /* homework1Tests.xctest */,
				1533C9381EC20DD200BE8AA3 /* homework1UITests.xctest */,
			);
			name = Products;
			sourceTree = "<group>";
		};
		1533C91B1EC20DD100BE8AA3 /* homework1 */ = {
			isa = PBXGroup;
			children = (
				1533C91C1EC20DD100BE8AA3 /* AppDelegate.swift */,
				1533C91E1EC20DD100BE8AA3 /* ViewController.swift */,
				1533C9201EC20DD100BE8AA3 /* Main.storyboard */,
				1533C9231EC20DD100BE8AA3 /* Assets.xcassets */,
				1533C9251EC20DD100BE8AA3 /* LaunchScreen.storyboard */,
				1533C9281EC20DD100BE8AA3 /* Info.plist */,
			);
			path = homework1;
			sourceTree = "<group>";
		};
		1533C9301EC20DD200BE8AA3 /* homework1Tests */ = {
			isa = PBXGroup;
			children = (
				1533C9311EC20DD200BE8AA3 /* homework1Tests.swift */,
				1533C9331EC20DD200BE8AA3 /* Info.plist */,
			);
			path = homework1Tests;
			sourceTree = "<group>";
		};
		1533C93B1EC20DD200BE8AA3 /* homework1UITests */ = {
			isa = PBXGroup;
			children = (
				1533C93C1EC20DD200BE8AA3 /* homework1UITests.swift */,
				1533C93E1EC20DD200BE8AA3 /* Info.plist */,
			);
			path = homework1UITests;
			sourceTree = "<group>";
		};
/* End PBXGroup section */

/* Begin PBXNativeTarget section */
		1533C9181EC20DD100BE8AA3 /* homework1 */ = {
			isa = PBXNativeTarget;
			buildConfigurationList = 1533C9411EC20DD200BE8AA3 /* Build configuration list for PBXNativeTarget "homework1" */;
			buildPhases = (
				1533C9151EC20DD100BE8AA3 /* Sources */,
				1533C9161EC20DD100BE8AA3 /* Frameworks */,
				1533C9171EC20DD100BE8AA3 /* Resources */,
			);
			buildRules = (
			);
			dependencies = (
			);
			name = homework1;
			productName = homework1;
			productReference = 1533C9191EC20DD100BE8AA3 /* homework1.app */;
			productType = "com.apple.product-type.application";
		};
		1533C92C1EC20DD200BE8AA3 /* homework1Tests */ = {
			isa = PBXNativeTarget;
			buildConfigurationList = 1533C9441EC20DD200BE8AA3 /* Build configuration list for PBXNativeTarget "homework1Tests" */;
			buildPhases = (
				1533C9291EC20DD200BE8AA3 /* Sources */,
				1533C92A1EC20DD200BE8AA3 /* Frameworks */,
				1533C92B1EC20DD200BE8AA3 /* Resources */,
			);
			buildRules = (
			);
			dependencies = (
				1533C92F1EC20DD200BE8AA3 /* PBXTargetDependency */,
			);
			name = homework1Tests;
			productName = homework1Tests;
			productReference = 1533C92D1EC20DD200BE8AA3 /* homework1Tests.xctest */;
			productType = "com.apple.product-type.bundle.unit-test";
		};
		1533C9371EC20DD200BE8AA3 /* homework1UITests */ = {
			isa = PBXNativeTarget;
			buildConfigurationList = 1533C9471EC20DD200BE8AA3 /* Build configuration list for PBXNativeTarget "homework1UITests" */;
			buildPhases = (
				1533C9341EC20DD200BE8AA3 /* Sources */,
				1533C9351EC20DD200BE8AA3 /* Frameworks */,
				1533C9361EC20DD200BE8AA3 /* Resources */,
			);
			buildRules = (
			);
			dependencies = (
				1533C93A1EC20DD200BE8AA3 /* PBXTargetDependency */,
			);
			name = homework1UITests;
			productName = homework1UITests;
			productReference = 1533C9381EC20DD200BE8AA3 /* homework1UITests.xctest */;
			productType = "com.apple.product-type.bundle.ui-testing";
		};
/* End PBXNativeTarget section */

/* Begin PBXProject section */
		1533C9111EC20DD100BE8AA3 /* Project object */ = {
			isa = PBXProject;
			attributes = {
				LastSwiftUpdateCheck = 0830;
				LastUpgradeCheck = 0830;
				ORGANIZATIONNAME = Pro;
				TargetAttributes = {
					1533C9181EC20DD100BE8AA3 = {
						CreatedOnToolsVersion = 8.3.2;
						ProvisioningStyle = Automatic;
					};
					1533C92C1EC20DD200BE8AA3 = {
						CreatedOnToolsVersion = 8.3.2;
						ProvisioningStyle = Automatic;
						TestTargetID = 1533C9181EC20DD100BE8AA3;
					};
					1533C9371EC20DD200BE8AA3 = {
						CreatedOnToolsVersion = 8.3.2;
						ProvisioningStyle = Automatic;
						TestTargetID = 1533C9181EC20DD100BE8AA3;
					};
				};
			};
			buildConfigurationList = 1533C9141EC20DD100BE8AA3 /* Build configuration list for PBXProject "homework1" */;
			compatibilityVersion = "Xcode 3.2";
			developmentRegion = English;
			hasScannedForEncodings = 0;
			knownRegions = (
				en,
				Base,
			);
			mainGroup = 1533C9101EC20DD100BE8AA3;
			productRefGroup = 1533C91A1EC20DD100BE8AA3 /* Products */;
			projectDirPath = "";
			projectRoot = "";
			targets = (
				1533C9181EC20DD100BE8AA3 /* homework1 */,
				1533C92C1EC20DD200BE8AA3 /* homework1Tests */,
				1533C9371EC20DD200BE8AA3 /* homework1UITests */,
			);
		};
/* End PBXProject section */

/* Begin PBXResourcesBuildPhase section */
		1533C9171EC20DD100BE8AA3 /* Resources */ = {
			isa = PBXResourcesBuildPhase;
			buildActionMask = 2147483647;
			files = (
				1533C9271EC20DD100BE8AA3 /* LaunchScreen.storyboard in Resources */,
				1533C9241EC20DD100BE8AA3 /* Assets.xcassets in Resources */,
				1533C9221EC20DD100BE8AA3 /* Main.storyboard in Resources */,
			);
			runOnlyForDeploymentPostprocessing = 0;
		};
		1533C92B1EC20DD200BE8AA3 /* Resources */ = {
			isa = PBXResourcesBuildPhase;
			buildActionMask = 2147483647;
			files = (
			);
			runOnlyForDeploymentPostprocessing = 0;
		};
		1533C9361EC20DD200BE8AA3 /* Resources */ = {
			isa = PBXResourcesBuildPhase;
			buildActionMask = 2147483647;
			files = (
			);
			runOnlyForDeploymentPostprocessing = 0;
		};
/* End PBXResourcesBuildPhase section */

/* Begin PBXSourcesBuildPhase section */
		1533C9151EC20DD100BE8AA3 /* Sources */ = {
			isa = PBXSourcesBuildPhase;
			buildActionMask = 2147483647;
			files = (
				1533C91F1EC20DD100BE8AA3 /* ViewController.swift in Sources */,
				1533C91D1EC20DD100BE8AA3 /* AppDelegate.swift in Sources */,
			);
			runOnlyForDeploymentPostprocessing = 0;
		};
		1533C9291EC20DD200BE8AA3 /* Sources */ = {
			isa = PBXSourcesBuildPhase;
			buildActionMask = 2147483647;
			files = (
				1533C9321EC20DD200BE8AA3 /* homework1Tests.swift in Sources */,
			);
			runOnlyForDeploymentPostprocessing = 0;
		};
		1533C9341EC20DD200BE8AA3 /* Sources */ = {
			isa = PBXSourcesBuildPhase;
			buildActionMask = 2147483647;
			files = (
				1533C93D1EC20DD200BE8AA3 /* homework1UITests.swift in Sources */,
			);
			runOnlyForDeploymentPostprocessing = 0;
		};
/* End PBXSourcesBuildPhase section */

/* Begin PBXTargetDependency section */
		1533C92F1EC20DD200BE8AA3 /* PBXTargetDependency */ = {
			isa = PBXTargetDependency;
			target = 1533C9181EC20DD100BE8AA3 /* homework1 */;
			targetProxy = 1533C92E1EC20DD200BE8AA3 /* PBXContainerItemProxy */;
		};
		1533C93A1EC20DD200BE8AA3 /* PBXTargetDependency */ = {
			isa = PBXTargetDependency;
			target = 1533C9181EC20DD100BE8AA3 /* homework1 */;
			targetProxy = 1533C9391EC20DD200BE8AA3 /* PBXContainerItemProxy */;
		};
/* End PBXTargetDependency section */

/* Begin PBXVariantGroup section */
		1533C9201EC20DD100BE8AA3 /* Main.storyboard */ = {
			isa = PBXVariantGroup;
			children = (
				1533C9211EC20DD100BE8AA3 /* Base */,
			);
			name = Main.storyboard;
			sourceTree = "<group>";
		};
		1533C9251EC20DD100BE8AA3 /* LaunchScreen.storyboard */ = {
			isa = PBXVariantGroup;
			children = (
				1533C9261EC20DD100BE8AA3 /* Base */,
			);
			name = LaunchScreen.storyboard;
			sourceTree = "<group>";
		};
/* End PBXVariantGroup section */

/* Begin XCBuildConfiguration section */
		1533C93F1EC20DD200BE8AA3 /* Debug */ = {
			isa = XCBuildConfiguration;
			buildSettings = {
				ALWAYS_SEARCH_USER_PATHS = NO;
				CLANG_ANALYZER_NONNULL = YES;
				CLANG_ANALYZER_NUMBER_OBJECT_CONVERSION = YES_AGGRESSIVE;
				CLANG_CXX_LANGUAGE_STANDARD = "gnu++0x";
				CLANG_CXX_LIBRARY = "libc++";
				CLANG_ENABLE_MODULES = YES;
				CLANG_ENABLE_OBJC_ARC = YES;
				CLANG_WARN_BOOL_CONVERSION = YES;
				CLANG_WARN_CONSTANT_CONVERSION = YES;
				CLANG_WARN_DIRECT_OBJC_ISA_USAGE = YES_ERROR;
				CLANG_WARN_DOCUMENTATION_COMMENTS = YES;
				CLANG_WARN_EMPTY_BODY = YES;
				CLANG_WARN_ENUM_CONVERSION = YES;
				CLANG_WARN_INFINITE_RECURSION = YES;
				CLANG_WARN_INT_CONVERSION = YES;
				CLANG_WARN_OBJC_ROOT_CLASS = YES_ERROR;
				CLANG_WARN_SUSPICIOUS_MOVE = YES;
				CLANG_WARN_UNREACHABLE_CODE = YES;
				CLANG_WARN__DUPLICATE_METHOD_MATCH = YES;
				"CODE_SIGN_IDENTITY[sdk=iphoneos*]" = "iPhone Developer";
				COPY_PHASE_STRIP = NO;
				DEBUG_INFORMATION_FORMAT = dwarf;
				ENABLE_STRICT_OBJC_MSGSEND = YES;
				ENABLE_TESTABILITY = YES;
				GCC_C_LANGUAGE_STANDARD = gnu99;
				GCC_DYNAMIC_NO_PIC = NO;
				GCC_NO_COMMON_BLOCKS = YES;
				GCC_OPTIMIZATION_LEVEL = 0;
				GCC_PREPROCESSOR_DEFINITIONS = (
					"DEBUG=1",
					"$(inherited)",
				);
				GCC_WARN_64_TO_32_BIT_CONVERSION = YES;
				GCC_WARN_ABOUT_RETURN_TYPE = YES_ERROR;
				GCC_WARN_UNDECLARED_SELECTOR = YES;
				GCC_WARN_UNINITIALIZED_AUTOS = YES_AGGRESSIVE;
				GCC_WARN_UNUSED_FUNCTION = YES;
				GCC_WARN_UNUSED_VARIABLE = YES;
				IPHONEOS_DEPLOYMENT_TARGET = 10.3;
				MTL_ENABLE_DEBUG_INFO = YES;
				ONLY_ACTIVE_ARCH = YES;
				SDKROOT = iphoneos;
				SWIFT_ACTIVE_COMPILATION_CONDITIONS = DEBUG;
				SWIFT_OPTIMIZATION_LEVEL = "-Onone";
			};
			name = Debug;
		};
		1533C9401EC20DD200BE8AA3 /* Release */ = {
			isa = XCBuildConfiguration;
			buildSettings = {
				ALWAYS_SEARCH_USER_PATHS = NO;
				CLANG_ANALYZER_NONNULL = YES;
				CLANG_ANALYZER_NUMBER_OBJECT_CONVERSION = YES_AGGRESSIVE;
				CLANG_CXX_LANGUAGE_STANDARD = "gnu++0x";
				CLANG_CXX_LIBRARY = "libc++";
				CLANG_ENABLE_MODULES = YES;
				CLANG_ENABLE_OBJC_ARC = YES;
				CLANG_WARN_BOOL_CONVERSION = YES;
				CLANG_WARN_CONSTANT_CONVERSION = YES;
				CLANG_WARN_DIRECT_OBJC_ISA_USAGE = YES_ERROR;
				CLANG_WARN_DOCUMENTATION_COMMENTS = YES;
				CLANG_WARN_EMPTY_BODY = YES;
				CLANG_WARN_ENUM_CONVERSION = YES;
				CLANG_WARN_INFINITE_RECURSION = YES;
				CLANG_WARN_INT_CONVERSION = YES;
				CLANG_WARN_OBJC_ROOT_CLASS = YES_ERROR;
				CLANG_WARN_SUSPICIOUS_MOVE = YES;
				CLANG_WARN_UNREACHABLE_CODE = YES;
				CLANG_WARN__DUPLICATE_METHOD_MATCH = YES;
				"CODE_SIGN_IDENTITY[sdk=iphoneos*]" = "iPhone Developer";
				COPY_PHASE_STRIP = NO;
				DEBUG_INFORMATION_FORMAT = "dwarf-with-dsym";
				ENABLE_NS_ASSERTIONS = NO;
				ENABLE_STRICT_OBJC_MSGSEND = YES;
				GCC_C_LANGUAGE_STANDARD = gnu99;
				GCC_NO_COMMON_BLOCKS = YES;
				GCC_WARN_64_TO_32_BIT_CONVERSION = YES;
				GCC_WARN_ABOUT_RETURN_TYPE = YES_ERROR;
				GCC_WARN_UNDECLARED_SELECTOR = YES;
				GCC_WARN_UNINITIALIZED_AUTOS = YES_AGGRESSIVE;
				GCC_WARN_UNUSED_FUNCTION = YES;
				GCC_WARN_UNUSED_VARIABLE = YES;
				IPHONEOS_DEPLOYMENT_TARGET = 10.3;
				MTL_ENABLE_DEBUG_INFO = NO;
				SDKROOT = iphoneos;
				SWIFT_OPTIMIZATION_LEVEL = "-Owholemodule";
				VALIDATE_PRODUCT = YES;
			};
			name = Release;
		};
		1533C9421EC20DD200BE8AA3 /* Debug */ = {
			isa = XCBuildConfiguration;
			buildSettings = {
				ASSETCATALOG_COMPILER_APPICON_NAME = AppIcon;
				INFOPLIST_FILE = homework1/Info.plist;
				LD_RUNPATH_SEARCH_PATHS = "$(inherited) @executable_path/Frameworks";
				PRODUCT_BUNDLE_IDENTIFIER = com.peterpan.homework1;
				PRODUCT_NAME = "$(TARGET_NAME)";
				SWIFT_VERSION = 3.0;
			};
			name = Debug;
		};
		1533C9431EC20DD200BE8AA3 /* Release */ = {
			isa = XCBuildConfiguration;
			buildSettings = {
				ASSETCATALOG_COMPILER_APPICON_NAME = AppIcon;
				INFOPLIST_FILE = homework1/Info.plist;
				LD_RUNPATH_SEARCH_PATHS = "$(inherited) @executable_path/Frameworks";
				PRODUCT_BUNDLE_IDENTIFIER = com.peterpan.homework1;
				PRODUCT_NAME = "$(TARGET_NAME)";
				SWIFT_VERSION = 3.0;
			};
			name = Release;
		};
		1533C9451EC20DD200BE8AA3 /* Debug */ = {
			isa = XCBuildConfiguration;
			buildSettings = {
				ALWAYS_EMBED_SWIFT_STANDARD_LIBRARIES = YES;
				BUNDLE_LOADER = "$(TEST_HOST)";
				INFOPLIST_FILE = homework1Tests/Info.plist;
				LD_RUNPATH_SEARCH_PATHS = "$(inherited) @executable_path/Frameworks @loader_path/Frameworks";
				PRODUCT_BUNDLE_IDENTIFIER = com.peterpan.homework1Tests;
				PRODUCT_NAME = "$(TARGET_NAME)";
				SWIFT_VERSION = 3.0;
				TEST_HOST = "$(BUILT_PRODUCTS_DIR)/homework1.app/homework1";
			};
			name = Debug;
		};
		1533C9461EC20DD200BE8AA3 /* Release */ = {
			isa = XCBuildConfiguration;
			buildSettings = {
				ALWAYS_EMBED_SWIFT_STANDARD_LIBRARIES = YES;
				BUNDLE_LOADER = "$(TEST_HOST)";
				INFOPLIST_FILE = homework1Tests/Info.plist;
				LD_RUNPATH_SEARCH_PATHS = "$(inherited) @executable_path/Frameworks @loader_path/Frameworks";
				PRODUCT_BUNDLE_IDENTIFIER = com.peterpan.homework1Tests;
				PRODUCT_NAME = "$(TARGET_NAME)";
				SWIFT_VERSION = 3.0;
				TEST_HOST = "$(BUILT_PRODUCTS_DIR)/homework1.app/homework1";
			};
			name = Release;
		};
		1533C9481EC20DD200BE8AA3 /* Debug */ = {
			isa = XCBuildConfiguration;
			buildSettings = {
				ALWAYS_EMBED_SWIFT_STANDARD_LIBRARIES = YES;
				INFOPLIST_FILE = homework1UITests/Info.plist;
				LD_RUNPATH_SEARCH_PATHS = "$(inherited) @executable_path/Frameworks @loader_path/Frameworks";
				PRODUCT_BUNDLE_IDENTIFIER = com.peterpan.homework1UITests;
				PRODUCT_NAME = "$(TARGET_NAME)";
				SWIFT_VERSION = 3.0;
				TEST_TARGET_NAME = homework1;
			};
			name = Debug;
		};
		1533C9491EC20DD200BE8AA3 /* Release */ = {
			isa = XCBuildConfiguration;
			buildSettings = {
				ALWAYS_EMBED_SWIFT_STANDARD_LIBRARIES = YES;
				INFOPLIST_FILE = homework1UITests/Info.plist;
				LD_RUNPATH_SEARCH_PATHS = "$(inherited) @executable_path/Frameworks @loader_path/Frameworks";
				PRODUCT_BUNDLE_IDENTIFIER = com.peterpan.homework1UITests;
				PRODUCT_NAME = "$(TARGET_NAME)";
				SWIFT_VERSION = 3.0;
				TEST_TARGET_NAME = homework1;
			};
			name = Release;
		};
/* End XCBuildConfiguration section */

/* Begin XCConfigurationList section */
		1533C9141EC20DD100BE8AA3 /* Build configuration list for PBXProject "homework1" */ = {
			isa = XCConfigurationList;
			buildConfigurations = (
				1533C93F1EC20DD200BE8AA3 /* Debug */,
				1533C9401EC20DD200BE8AA3 /* Release */,
			);
			defaultConfigurationIsVisible = 0;
			defaultConfigurationName = Release;
		};
		1533C9411EC20DD200BE8AA3 /* Build configuration list for PBXNativeTarget "homework1" */ = {
			isa = XCConfigurationList;
			buildConfigurations = (
				1533C9421EC20DD200BE8AA3 /* Debug */,
				1533C9431EC20DD200BE8AA3 /* Release */,
			);
			defaultConfigurationIsVisible = 0;
		};
		1533C9441EC20DD200BE8AA3 /* Build configuration list for PBXNativeTarget "homework1Tests" */ = {
			isa = XCConfigurationList;
			buildConfigurations = (
				1533C9451EC20DD200BE8AA3 /* Debug */,
				1533C9461EC20DD200BE8AA3 /* Release */,
			);
			defaultConfigurationIsVisible = 0;
		};
		1533C9471EC20DD200BE8AA3 /* Build configuration list for PBXNativeTarget "homework1UITests" */ = {
			isa = XCConfigurationList;
			buildConfigurations = (
				1533C9481EC20DD200BE8AA3 /* Debug */,
				1533C9491EC20DD200BE8AA3 /* Release */,
			);
			defaultConfigurationIsVisible = 0;
		};
/* End XCConfigurationList section */
	};
	rootObject = 1533C9111EC20DD100BE8AA3 /* Project object */;
}
